
Microsoft Visual Studio Solution File, Format Version 12.00
Project("{FAE04EC0-301F-11D3-BF4B-00C04F79EFBC}") = "ElrsWifiBatchFlasher", "ElrsWifiBatchFlasher.csproj", "{49C56AFF-4F20-45B9-8B9F-B49B88DCD2EE}"
EndProject
Global
	GlobalSection(SolutionConfigurationPlatforms) = preSolution
		Debug|Any CPU = Debug|Any CPU
		Release|Any CPU = Release|Any CPU
	EndGlobalSection
	GlobalSection(ProjectConfigurationPlatforms) = postSolution
		{49C56AFF-4F20-45B9-8B9F-B49B88DCD2EE}.Debug|Any CPU.ActiveCfg = Debug|Any CPU
		{49C56AFF-4F20-45B9-8B9F-B49B88DCD2EE}.Debug|Any CPU.Build.0 = Debug|Any CPU
		{49C56AFF-4F20-45B9-8B9F-B49B88DCD2EE}.Release|Any CPU.ActiveCfg = Release|Any CPU
		{49C56AFF-4F20-45B9-8B9F-B49B88DCD2EE}.Release|Any CPU.Build.0 = Release|Any CPU
	EndGlobalSection
EndGlobal
